{
  "name": "ninja-ad-plus",
  "lockfileVersion": 3,
  "requires": true,
  "packages": {
    "": {
      "devDependencies": {
        "@adguard/re2-wasm": "^1.2.1"
      }
    },
    "node_modules/@adguard/re2-wasm": {
      "version": "1.2.1",
      "resolved": "https://registry.npmjs.org/@adguard/re2-wasm/-/re2-wasm-1.2.1.tgz",
      "integrity": "sha512-lxl4BUNI9xMNKLdnguonacLMuPhv/JNiIAVGRQKI0WyPw+6W0ceDJhWzrR4Gy7p2zp+2hAH5JNTD/1YjCCR82g==",
      "dev": true,
      "license": "Apache-2.0",
      "engines": {
        "node": ">=10"
      }
    }
  }
}
